# THIS IS AN AUTOGENERATED FILE. DO NOT EDIT THIS FILE DIRECTLY.
# yarn lockfile v1


Set@^0.4.1:
  version "0.4.1"
  resolved "https://registry.yarnpkg.com/Set/-/Set-0.4.1.tgz#8385587be9863e49d2ffd7a85e1a1e4b11633ca6"
  integrity sha512-+TXBAK+hDss1DqX7W5fGw0JuvGrtVwAHYGWgqe0MIWHH/U9HvBb9LsgNZ3TLZX8DaddBGRmCgoDuk7mnYgx8Dw==

a-star@^0.2.0:
  version "0.2.0"
  resolved "https://registry.yarnpkg.com/a-star/-/a-star-0.2.0.tgz#a1423c830c3bf9a259d490bfbf2710e792f044f9"
  integrity sha512-8tnUNOOneo7w5MnhQc9VuTAaVAWf+gg5j/bIm6QF77TmC40qwZPlWhKSfSCwrw1M9RUhHTn2PDX+ZtcVNRqIaw==
  dependencies:
    Set "^0.4.1"
    dict "^1.4.0"
    heap "^0.2.3"

dict@^1.4.0:
  version "1.4.0"
  resolved "https://registry.yarnpkg.com/dict/-/dict-1.4.0.tgz#83d87d57cf0c4ac0d834608448b10a6e23bbfea0"
  integrity sha512-iJZcYCUwg0vDqo/CSc96qd08CKRagnQniCpcwfzGDuR/3fyilTFdS8/f0ft95aVGZkoQNuwgpTxs4FtD4jH5Fw==

heap@^0.2.3:
  version "0.2.7"
  resolved "https://registry.yarnpkg.com/heap/-/heap-0.2.7.tgz#1e6adf711d3f27ce35a81fe3b7bd576c2260a8fc"
  integrity sha512-2bsegYkkHO+h/9MGbn6KWcE45cHZgPANo5LXF7EvWdT0yT2EguSVO1nDgU5c8+ZOPwp2vMNa7YFsJhVcDR9Sdg==
